{
  "name": "trpc-demo",
  "version": "1.0.0",
  "lockfileVersion": 3,
  "requires": true,
  "packages": {
    "": {
      "name": "trpc-demo",
      "version": "1.0.0",
      "license": "ISC",
      "dependencies": {
        "@trpc/client": "^11.1.1",
        "@trpc/server": "^11.1.1",
        "zod": "^3.24.3"
      }
    },
    "node_modules/@trpc/client": {
      "version": "11.1.1",
      "resolved": "https://registry.npmjs.org/@trpc/client/-/client-11.1.1.tgz",
      "integrity": "sha512-Beiv56hlt+ARbijtUsCQOvKJw/FkfuVk4W9TzJl285iIJw8iCA3ZTwTG9GjIeSgeR7d2MyOeUbI26LV255n33A==",
      "funding": [
        "https://trpc.io/sponsor"
      ],
      "license": "MIT",
      "peerDependencies": {
        "@trpc/server": "11.1.1",
        "typescript": ">=5.7.2"
      }
    },
    "node_modules/@trpc/server": {
      "version": "11.1.1",
      "resolved": "https://registry.npmjs.org/@trpc/server/-/server-11.1.1.tgz",
      "integrity": "sha512-ZjPN3ypBHvGMAlMgeZPrxlRcH/3dn4AK0s5Ph1z+E6uiAvIQVCj7ZoMlXeeBsIy4THGDAk953jHVW2kMnlbb4g==",
      "funding": [
        "https://trpc.io/sponsor"
      ],
      "license": "MIT",
      "peerDependencies": {
        "typescript": ">=5.7.2"
      }
    },
    "node_modules/typescript": {
      "version": "5.8.3",
      "resolved": "https://registry.npmjs.org/typescript/-/typescript-5.8.3.tgz",
      "integrity": "sha512-p1diW6TqL9L07nNxvRMM7hMMw4c5XOo/1ibL4aAIGmSAt9slTE1Xgw5KWuof2uTOvCg9BY7ZRi+GaF+7sfgPeQ==",
      "license": "Apache-2.0",
      "peer": true,
      "bin": {
        "tsc": "bin/tsc",
        "tsserver": "bin/tsserver"
      },
      "engines": {
        "node": ">=14.17"
      }
    },
    "node_modules/zod": {
      "version": "3.24.3",
      "resolved": "https://registry.npmjs.org/zod/-/zod-3.24.3.tgz",
      "integrity": "sha512-HhY1oqzWCQWuUqvBFnsyrtZRhyPeR7SUGv+C4+MsisMuVfSPx8HpwWqH8tRahSlt6M3PiFAcoeFhZAqIXTxoSg==",
      "license": "MIT",
      "funding": {
        "url": "https://github.com/sponsors/colinhacks"
      }
    }
  }
}
